
Microsoft Visual Studio Solution File, Format Version 12.00
# Visual Studio Version 17
VisualStudioVersion = 17.8.34330.188
MinimumVisualStudioVersion = 10.0.40219.1
Project("{FAE04EC0-301F-11D3-BF4B-00C04F79EFBC}") = "Aplicationlayer", "AplicationLayer\Aplicationlayer.csproj", "{842EBAE3-AC76-404B-B5D4-01BBB2DADE73}"
EndProject
Project("{FAE04EC0-301F-11D3-BF4B-00C04F79EFBC}") = "Businesslayer", "Businesslayer\Businesslayer.csproj", "{3E8DF01E-DDE3-4D91-B5A1-B48598FD077D}"
EndProject
Project("{FAE04EC0-301F-11D3-BF4B-00C04F79EFBC}") = "Databaselayer", "Databaselayer\Databaselayer.csproj", "{AA64543E-95C5-44D2-9D5E-F8672D1D8F46}"
EndProject
Global
	GlobalSection(SolutionConfigurationPlatforms) = preSolution
		Debug|Any CPU = Debug|Any CPU
		Release|Any CPU = Release|Any CPU
	EndGlobalSection
	GlobalSection(ProjectConfigurationPlatforms) = postSolution
		{842EBAE3-AC76-404B-B5D4-01BBB2DADE73}.Debug|Any CPU.ActiveCfg = Debug|Any CPU
		{842EBAE3-AC76-404B-B5D4-01BBB2DADE73}.Debug|Any CPU.Build.0 = Debug|Any CPU
		{842EBAE3-AC76-404B-B5D4-01BBB2DADE73}.Release|Any CPU.ActiveCfg = Release|Any CPU
		{842EBAE3-AC76-404B-B5D4-01BBB2DADE73}.Release|Any CPU.Build.0 = Release|Any CPU
		{3E8DF01E-DDE3-4D91-B5A1-B48598FD077D}.Debug|Any CPU.ActiveCfg = Debug|Any CPU
		{3E8DF01E-DDE3-4D91-B5A1-B48598FD077D}.Debug|Any CPU.Build.0 = Debug|Any CPU
		{3E8DF01E-DDE3-4D91-B5A1-B48598FD077D}.Release|Any CPU.ActiveCfg = Release|Any CPU
		{3E8DF01E-DDE3-4D91-B5A1-B48598FD077D}.Release|Any CPU.Build.0 = Release|Any CPU
		{AA64543E-95C5-44D2-9D5E-F8672D1D8F46}.Debug|Any CPU.ActiveCfg = Debug|Any CPU
		{AA64543E-95C5-44D2-9D5E-F8672D1D8F46}.Debug|Any CPU.Build.0 = Debug|Any CPU
		{AA64543E-95C5-44D2-9D5E-F8672D1D8F46}.Release|Any CPU.ActiveCfg = Release|Any CPU
		{AA64543E-95C5-44D2-9D5E-F8672D1D8F46}.Release|Any CPU.Build.0 = Release|Any CPU
	EndGlobalSection
	GlobalSection(SolutionProperties) = preSolution
		HideSolutionNode = FALSE
	EndGlobalSection
	GlobalSection(ExtensibilityGlobals) = postSolution
		SolutionGuid = {38CD9D19-2ED7-4536-9B59-B95FF689714E}
	EndGlobalSection
EndGlobal
